// !$*UTF8*$!
{
	archiveVersion = 1;
	classes = {
	};
	objectVersion = 77;
	objects = {

/* Begin PBXBuildFile section */
		2150C3921E1135F349FA5872 /* AppCatalogViewController.swift in Sources */ = {isa = PBXBuildFile; fileRef = 5B4FF9DE1F97F7039A7AB161 /* AppCatalogViewController.swift */; };
		263DB3BD3BEBCE35EFC5CC44 /* GetMobileAgentContextHandler.swift in Sources */ = {isa = PBXBuildFile; fileRef = 7096897AD9CF72DE9FC93722 /* GetMobileAgentContextHandler.swift */; };
		3489E98C1F33CBA7FF025683 /* AppConfig.swift in Sources */ = {isa = PBXBuildFile; fileRef = 126F9BE3D62A261DAEB38C2F /* AppConfig.swift */; };
		7E17FD4CB9905F897726EBB3 /* WebViewController.swift in Sources */ = {isa = PBXBuildFile; fileRef = 7BC0D22101EE9F39CF4A546D /* WebViewController.swift */; };
		962ECC0DED8A0746279451F7 /* upload_dsym_results.log in Resources */ = {isa = PBXBuildFile; fileRef = 11E17BE0E964AB775F4DF417 /* upload_dsym_results.log */; };
		A819A0132CA38E1C98C4E6C9 /* AppDelegate.swift in Sources */ = {isa = PBXBuildFile; fileRef = 19D79E6915E59771A313D165 /* AppDelegate.swift */; };
		DA292C1B51E296048CEB1808 /* NativeBridgeCore in Frameworks */ = {isa = PBXBuildFile; productRef = C0B4030BB83BD90EACFFDDE8 /* NativeBridgeCore */; };
		F5375F083A939DD7BC7CF6F5 /* NewRelic in Frameworks */ = {isa = PBXBuildFile; productRef = 91129398C60E5D4FC5CD458B /* NewRelic */; };
/* End PBXBuildFile section */

/* Begin PBXFileReference section */
		0DDF57D0CBADB43639D0184F /* NativeBridgeCore */ = {isa = PBXFileReference; lastKnownFileType = folder; name = NativeBridgeCore; path = ../NativeBridgeCore; sourceTree = SOURCE_ROOT; };
		11E17BE0E964AB775F4DF417 /* upload_dsym_results.log */ = {isa = PBXFileReference; path = upload_dsym_results.log; sourceTree = "<group>"; };
		126F9BE3D62A261DAEB38C2F /* AppConfig.swift */ = {isa = PBXFileReference; lastKnownFileType = sourcecode.swift; path = AppConfig.swift; sourceTree = "<group>"; };
		19D79E6915E59771A313D165 /* AppDelegate.swift */ = {isa = PBXFileReference; lastKnownFileType = sourcecode.swift; path = AppDelegate.swift; sourceTree = "<group>"; };
		28FFE186B534A2DA53F848D4 /* Info.Debug.plist */ = {isa = PBXFileReference; lastKnownFileType = text.plist; path = Info.Debug.plist; sourceTree = "<group>"; };
		47456D8C66917C34BCFA4B26 /* Secrets.xcconfig */ = {isa = PBXFileReference; lastKnownFileType = text.xcconfig; path = Secrets.xcconfig; sourceTree = "<group>"; };
		5B4FF9DE1F97F7039A7AB161 /* AppCatalogViewController.swift */ = {isa = PBXFileReference; lastKnownFileType = sourcecode.swift; path = AppCatalogViewController.swift; sourceTree = "<group>"; };
		7096897AD9CF72DE9FC93722 /* GetMobileAgentContextHandler.swift */ = {isa = PBXFileReference; lastKnownFileType = sourcecode.swift; path = GetMobileAgentContextHandler.swift; sourceTree = "<group>"; };
		7BC0D22101EE9F39CF4A546D /* WebViewController.swift */ = {isa = PBXFileReference; lastKnownFileType = sourcecode.swift; path = WebViewController.swift; sourceTree = "<group>"; };
		9FF767F5A50660952E01BF5B /* Info.Release.plist */ = {isa = PBXFileReference; lastKnownFileType = text.plist; path = Info.Release.plist; sourceTree = "<group>"; };
		A77B6EE6098EC9EFA06E9003 /* Debug.xcconfig */ = {isa = PBXFileReference; lastKnownFileType = text.xcconfig; path = Debug.xcconfig; sourceTree = "<group>"; };
		AC3233EBEDA9C8ADE069DAD6 /* Secrets.template.xcconfig */ = {isa = PBXFileReference; lastKnownFileType = text.xcconfig; path = Secrets.template.xcconfig; sourceTree = "<group>"; };
		BF36C3BED63787BDEEE7CAAE /* Release.xcconfig */ = {isa = PBXFileReference; lastKnownFileType = text.xcconfig; path = Release.xcconfig; sourceTree = "<group>"; };
		F2D12FC9ECF6F2E720535C0E /* AppShell.app */ = {isa = PBXFileReference; includeInIndex = 0; lastKnownFileType = wrapper.application; path = AppShell.app; sourceTree = BUILT_PRODUCTS_DIR; };
/* End PBXFileReference section */

/* Begin PBXFrameworksBuildPhase section */
		583F1246893F9CB9FBE27548 /* Frameworks */ = {
			isa = PBXFrameworksBuildPhase;
			buildActionMask = 2147483647;
			files = (
				DA292C1B51E296048CEB1808 /* NativeBridgeCore in Frameworks */,
				F5375F083A939DD7BC7CF6F5 /* NewRelic in Frameworks */,
			);
			runOnlyForDeploymentPostprocessing = 0;
		};
/* End PBXFrameworksBuildPhase section */

/* Begin PBXGroup section */
		13B8CD918F55491CB7022417 /* Products */ = {
			isa = PBXGroup;
			children = (
				F2D12FC9ECF6F2E720535C0E /* AppShell.app */,
			);
			name = Products;
			sourceTree = "<group>";
		};
		143D151B48F8F4352299E478 /* Packages */ = {
			isa = PBXGroup;
			children = (
				0DDF57D0CBADB43639D0184F /* NativeBridgeCore */,
			);
			name = Packages;
			sourceTree = "<group>";
		};
		404EAB736B734B16B11F748C /* AppShell */ = {
			isa = PBXGroup;
			children = (
				5B4FF9DE1F97F7039A7AB161 /* AppCatalogViewController.swift */,
				126F9BE3D62A261DAEB38C2F /* AppConfig.swift */,
				19D79E6915E59771A313D165 /* AppDelegate.swift */,
				7096897AD9CF72DE9FC93722 /* GetMobileAgentContextHandler.swift */,
				28FFE186B534A2DA53F848D4 /* Info.Debug.plist */,
				9FF767F5A50660952E01BF5B /* Info.Release.plist */,
				11E17BE0E964AB775F4DF417 /* upload_dsym_results.log */,
				7BC0D22101EE9F39CF4A546D /* WebViewController.swift */,
				BEE87819614288DCD5A0573E /* Config */,
			);
			name = AppShell;
			path = .;
			sourceTree = "<group>";
		};
		6ECB784F98436F8957E5AED0 = {
			isa = PBXGroup;
			children = (
				404EAB736B734B16B11F748C /* AppShell */,
				BEE87819614288DCD5A0573E /* Config */,
				143D151B48F8F4352299E478 /* Packages */,
				13B8CD918F55491CB7022417 /* Products */,
			);
			sourceTree = "<group>";
		};
		BEE87819614288DCD5A0573E /* Config */ = {
			isa = PBXGroup;
			children = (
				A77B6EE6098EC9EFA06E9003 /* Debug.xcconfig */,
				BF36C3BED63787BDEEE7CAAE /* Release.xcconfig */,
				AC3233EBEDA9C8ADE069DAD6 /* Secrets.template.xcconfig */,
				47456D8C66917C34BCFA4B26 /* Secrets.xcconfig */,
			);
			path = Config;
			sourceTree = "<group>";
		};
/* End PBXGroup section */

/* Begin PBXNativeTarget section */
		C2F642E93F5095CBFB0CB5D2 /* AppShell */ = {
			isa = PBXNativeTarget;
			buildConfigurationList = C6EED44B260BD83E55EAFFB5 /* Build configuration list for PBXNativeTarget "AppShell" */;
			buildPhases = (
				413EA241A8D33A4C3820A9C4 /* Sources */,
				0D0BEF865E498F1E823C5412 /* Resources */,
				583F1246893F9CB9FBE27548 /* Frameworks */,
				0AC86367A6F832F797D52B0A /* New Relic dSYM Upload */,
			);
			buildRules = (
			);
			dependencies = (
			);
			name = AppShell;
			packageProductDependencies = (
				C0B4030BB83BD90EACFFDDE8 /* NativeBridgeCore */,
				91129398C60E5D4FC5CD458B /* NewRelic */,
			);
			productName = AppShell;
			productReference = F2D12FC9ECF6F2E720535C0E /* AppShell.app */;
			productType = "com.apple.product-type.application";
		};
/* End PBXNativeTarget section */

/* Begin PBXProject section */
		D88497A23246D822A943EFF7 /* Project object */ = {
			isa = PBXProject;
			attributes = {
				BuildIndependentTargetsInParallel = YES;
				LastUpgradeCheck = 1430;
			};
			buildConfigurationList = 3816FACC570B89DEFA06BEB2 /* Build configuration list for PBXProject "AppShell" */;
			compatibilityVersion = "Xcode 14.0";
			developmentRegion = en;
			hasScannedForEncodings = 0;
			knownRegions = (
				Base,
				en,
			);
			mainGroup = 6ECB784F98436F8957E5AED0;
			minimizedProjectReferenceProxies = 1;
			packageReferences = (
				287F9EAF0868EF2D5238E365 /* XCRemoteSwiftPackageReference "newrelic-ios-agent-spm" */,
				62AD674FED7F32161F18D0F3 /* XCLocalSwiftPackageReference "../NativeBridgeCore" */,
			);
			preferredProjectObjectVersion = 77;
			projectDirPath = "";
			projectRoot = "";
			targets = (
				C2F642E93F5095CBFB0CB5D2 /* AppShell */,
			);
		};
/* End PBXProject section */

/* Begin PBXResourcesBuildPhase section */
		0D0BEF865E498F1E823C5412 /* Resources */ = {
			isa = PBXResourcesBuildPhase;
			buildActionMask = 2147483647;
			files = (
				962ECC0DED8A0746279451F7 /* upload_dsym_results.log in Resources */,
			);
			runOnlyForDeploymentPostprocessing = 0;
		};
/* End PBXResourcesBuildPhase section */

/* Begin PBXShellScriptBuildPhase section */
		0AC86367A6F832F797D52B0A /* New Relic dSYM Upload */ = {
			isa = PBXShellScriptBuildPhase;
			buildActionMask = 2147483647;
			files = (
			);
			inputFileListPaths = (
			);
			inputPaths = (
			);
			name = "New Relic dSYM Upload";
			outputFileListPaths = (
			);
			outputPaths = (
			);
			runOnlyForDeploymentPostprocessing = 0;
			shellPath = /bin/sh;
			shellScript = "ARTIFACT_DIR=\"${BUILD_DIR%Build/*}\"\nSCRIPT=$(/usr/bin/find \"${SRCROOT}\" \"${ARTIFACT_DIR}\" -type f -name run-symbol-tool | head -n 1)\nif [ -n \"${SCRIPT}\" ] && [ -n \"${NEW_RELIC_APP_TOKEN}\" ]; then\n  /bin/sh \"${SCRIPT}\" \"${NEW_RELIC_APP_TOKEN}\"\nelse\n  echo \"New Relic dSYM upload skipped (script or token not found)\"\nfi\n";
		};
/* End PBXShellScriptBuildPhase section */

/* Begin PBXSourcesBuildPhase section */
		413EA241A8D33A4C3820A9C4 /* Sources */ = {
			isa = PBXSourcesBuildPhase;
			buildActionMask = 2147483647;
			files = (
				2150C3921E1135F349FA5872 /* AppCatalogViewController.swift in Sources */,
				3489E98C1F33CBA7FF025683 /* AppConfig.swift in Sources */,
				A819A0132CA38E1C98C4E6C9 /* AppDelegate.swift in Sources */,
				263DB3BD3BEBCE35EFC5CC44 /* GetMobileAgentContextHandler.swift in Sources */,
				7E17FD4CB9905F897726EBB3 /* WebViewController.swift in Sources */,
			);
			runOnlyForDeploymentPostprocessing = 0;
		};
/* End PBXSourcesBuildPhase section */

/* Begin XCBuildConfiguration section */
		2D6B540BAA37F000A3FB5626 /* Release */ = {
			isa = XCBuildConfiguration;
			buildSettings = {
				ALWAYS_SEARCH_USER_PATHS = NO;
				CLANG_ANALYZER_NONNULL = YES;
				CLANG_ANALYZER_NUMBER_OBJECT_CONVERSION = YES_AGGRESSIVE;
				CLANG_CXX_LANGUAGE_STANDARD = "gnu++14";
				CLANG_CXX_LIBRARY = "libc++";
				CLANG_ENABLE_MODULES = YES;
				CLANG_ENABLE_OBJC_ARC = YES;
				CLANG_ENABLE_OBJC_WEAK = YES;
				CLANG_WARN_BLOCK_CAPTURE_AUTORELEASING = YES;
				CLANG_WARN_BOOL_CONVERSION = YES;
				CLANG_WARN_COMMA = YES;
				CLANG_WARN_CONSTANT_CONVERSION = YES;
				CLANG_WARN_DEPRECATED_OBJC_IMPLEMENTATIONS = YES;
				CLANG_WARN_DIRECT_OBJC_ISA_USAGE = YES_ERROR;
				CLANG_WARN_DOCUMENTATION_COMMENTS = YES;
				CLANG_WARN_EMPTY_BODY = YES;
				CLANG_WARN_ENUM_CONVERSION = YES;
				CLANG_WARN_INFINITE_RECURSION = YES;
				CLANG_WARN_INT_CONVERSION = YES;
				CLANG_WARN_NON_LITERAL_NULL_CONVERSION = YES;
				CLANG_WARN_OBJC_IMPLICIT_RETAIN_SELF = YES;
				CLANG_WARN_OBJC_LITERAL_CONVERSION = YES;
				CLANG_WARN_OBJC_ROOT_CLASS = YES_ERROR;
				CLANG_WARN_QUOTED_INCLUDE_IN_FRAMEWORK_HEADER = YES;
				CLANG_WARN_RANGE_LOOP_ANALYSIS = YES;
				CLANG_WARN_STRICT_PROTOTYPES = YES;
				CLANG_WARN_SUSPICIOUS_MOVE = YES;
				CLANG_WARN_UNGUARDED_AVAILABILITY = YES_AGGRESSIVE;
				CLANG_WARN_UNREACHABLE_CODE = YES;
				CLANG_WARN__DUPLICATE_METHOD_MATCH = YES;
				COPY_PHASE_STRIP = NO;
				CURRENT_PROJECT_VERSION = 1;
				DEBUG_INFORMATION_FORMAT = "dwarf-with-dsym";
				ENABLE_NS_ASSERTIONS = NO;
				ENABLE_STRICT_OBJC_MSGSEND = YES;
				ENABLE_USER_SCRIPT_SANDBOXING = NO;
				GCC_C_LANGUAGE_STANDARD = gnu11;
				GCC_NO_COMMON_BLOCKS = YES;
				GCC_WARN_64_TO_32_BIT_CONVERSION = YES;
				GCC_WARN_ABOUT_RETURN_TYPE = YES_ERROR;
				GCC_WARN_UNDECLARED_SELECTOR = YES;
				GCC_WARN_UNINITIALIZED_AUTOS = YES_AGGRESSIVE;
				GCC_WARN_UNUSED_FUNCTION = YES;
				GCC_WARN_UNUSED_VARIABLE = YES;
				IPHONEOS_DEPLOYMENT_TARGET = 15.0;
				MARKETING_VERSION = 1.0.0;
				MTL_ENABLE_DEBUG_INFO = NO;
				MTL_FAST_MATH = YES;
				PRODUCT_BUNDLE_IDENTIFIER = com.example.AppShell;
				PRODUCT_NAME = "$(TARGET_NAME)";
				SDKROOT = iphoneos;
				SUPPORTS_MACCATALYST = NO;
				SWIFT_COMPILATION_MODE = wholemodule;
				SWIFT_OPTIMIZATION_LEVEL = "-O";
				SWIFT_VERSION = 5.0;
				TARGETED_DEVICE_FAMILY = "1,2";
			};
			name = Release;
		};
		4AF22F79DE20BC7936818F9E /* Debug */ = {
			isa = XCBuildConfiguration;
			buildSettings = {
				ALWAYS_SEARCH_USER_PATHS = NO;
				CLANG_ANALYZER_NONNULL = YES;
				CLANG_ANALYZER_NUMBER_OBJECT_CONVERSION = YES_AGGRESSIVE;
				CLANG_CXX_LANGUAGE_STANDARD = "gnu++14";
				CLANG_CXX_LIBRARY = "libc++";
				CLANG_ENABLE_MODULES = YES;
				CLANG_ENABLE_OBJC_ARC = YES;
				CLANG_ENABLE_OBJC_WEAK = YES;
				CLANG_WARN_BLOCK_CAPTURE_AUTORELEASING = YES;
				CLANG_WARN_BOOL_CONVERSION = YES;
				CLANG_WARN_COMMA = YES;
				CLANG_WARN_CONSTANT_CONVERSION = YES;
				CLANG_WARN_DEPRECATED_OBJC_IMPLEMENTATIONS = YES;
				CLANG_WARN_DIRECT_OBJC_ISA_USAGE = YES_ERROR;
				CLANG_WARN_DOCUMENTATION_COMMENTS = YES;
				CLANG_WARN_EMPTY_BODY = YES;
				CLANG_WARN_ENUM_CONVERSION = YES;
				CLANG_WARN_INFINITE_RECURSION = YES;
				CLANG_WARN_INT_CONVERSION = YES;
				CLANG_WARN_NON_LITERAL_NULL_CONVERSION = YES;
				CLANG_WARN_OBJC_IMPLICIT_RETAIN_SELF = YES;
				CLANG_WARN_OBJC_LITERAL_CONVERSION = YES;
				CLANG_WARN_OBJC_ROOT_CLASS = YES_ERROR;
				CLANG_WARN_QUOTED_INCLUDE_IN_FRAMEWORK_HEADER = YES;
				CLANG_WARN_RANGE_LOOP_ANALYSIS = YES;
				CLANG_WARN_STRICT_PROTOTYPES = YES;
				CLANG_WARN_SUSPICIOUS_MOVE = YES;
				CLANG_WARN_UNGUARDED_AVAILABILITY = YES_AGGRESSIVE;
				CLANG_WARN_UNREACHABLE_CODE = YES;
				CLANG_WARN__DUPLICATE_METHOD_MATCH = YES;
				COPY_PHASE_STRIP = NO;
				CURRENT_PROJECT_VERSION = 1;
				DEBUG_INFORMATION_FORMAT = dwarf;
				ENABLE_STRICT_OBJC_MSGSEND = YES;
				ENABLE_TESTABILITY = YES;
				ENABLE_USER_SCRIPT_SANDBOXING = NO;
				GCC_C_LANGUAGE_STANDARD = gnu11;
				GCC_DYNAMIC_NO_PIC = NO;
				GCC_NO_COMMON_BLOCKS = YES;
				GCC_OPTIMIZATION_LEVEL = 0;
				GCC_PREPROCESSOR_DEFINITIONS = (
					"$(inherited)",
					"DEBUG=1",
				);
				GCC_WARN_64_TO_32_BIT_CONVERSION = YES;
				GCC_WARN_ABOUT_RETURN_TYPE = YES_ERROR;
				GCC_WARN_UNDECLARED_SELECTOR = YES;
				GCC_WARN_UNINITIALIZED_AUTOS = YES_AGGRESSIVE;
				GCC_WARN_UNUSED_FUNCTION = YES;
				GCC_WARN_UNUSED_VARIABLE = YES;
				IPHONEOS_DEPLOYMENT_TARGET = 15.0;
				MARKETING_VERSION = 1.0.0;
				MTL_ENABLE_DEBUG_INFO = INCLUDE_SOURCE;
				MTL_FAST_MATH = YES;
				ONLY_ACTIVE_ARCH = YES;
				PRODUCT_BUNDLE_IDENTIFIER = com.example.AppShell;
				PRODUCT_NAME = "$(TARGET_NAME)";
				SDKROOT = iphoneos;
				SUPPORTS_MACCATALYST = NO;
				SWIFT_ACTIVE_COMPILATION_CONDITIONS = DEBUG;
				SWIFT_OPTIMIZATION_LEVEL = "-Onone";
				SWIFT_VERSION = 5.0;
				TARGETED_DEVICE_FAMILY = "1,2";
			};
			name = Debug;
		};
		8A9711C38FA2ADAD387ADCCF /* Debug */ = {
			isa = XCBuildConfiguration;
			baseConfigurationReference = A77B6EE6098EC9EFA06E9003 /* Debug.xcconfig */;
			buildSettings = {
				ASSETCATALOG_COMPILER_APPICON_NAME = AppIcon;
				CODE_SIGN_IDENTITY = "iPhone Developer";
				INFOPLIST_FILE = Info.Debug.plist;
				IPHONEOS_DEPLOYMENT_TARGET = 15.0;
				LD_RUNPATH_SEARCH_PATHS = (
					"$(inherited)",
					"@executable_path/Frameworks",
				);
				SDKROOT = iphoneos;
				TARGETED_DEVICE_FAMILY = "1,2";
			};
			name = Debug;
		};
		8E21D728AF54765941B95765 /* Release */ = {
			isa = XCBuildConfiguration;
			baseConfigurationReference = BF36C3BED63787BDEEE7CAAE /* Release.xcconfig */;
			buildSettings = {
				ASSETCATALOG_COMPILER_APPICON_NAME = AppIcon;
				CODE_SIGN_IDENTITY = "iPhone Developer";
				INFOPLIST_FILE = Info.Release.plist;
				IPHONEOS_DEPLOYMENT_TARGET = 15.0;
				LD_RUNPATH_SEARCH_PATHS = (
					"$(inherited)",
					"@executable_path/Frameworks",
				);
				SDKROOT = iphoneos;
				TARGETED_DEVICE_FAMILY = "1,2";
			};
			name = Release;
		};
/* End XCBuildConfiguration section */

/* Begin XCConfigurationList section */
		3816FACC570B89DEFA06BEB2 /* Build configuration list for PBXProject "AppShell" */ = {
			isa = XCConfigurationList;
			buildConfigurations = (
				4AF22F79DE20BC7936818F9E /* Debug */,
				2D6B540BAA37F000A3FB5626 /* Release */,
			);
			defaultConfigurationIsVisible = 0;
			defaultConfigurationName = Debug;
		};
		C6EED44B260BD83E55EAFFB5 /* Build configuration list for PBXNativeTarget "AppShell" */ = {
			isa = XCConfigurationList;
			buildConfigurations = (
				8A9711C38FA2ADAD387ADCCF /* Debug */,
				8E21D728AF54765941B95765 /* Release */,
			);
			defaultConfigurationIsVisible = 0;
			defaultConfigurationName = Debug;
		};
/* End XCConfigurationList section */

/* Begin XCLocalSwiftPackageReference section */
		62AD674FED7F32161F18D0F3 /* XCLocalSwiftPackageReference "../NativeBridgeCore" */ = {
			isa = XCLocalSwiftPackageReference;
			relativePath = ../NativeBridgeCore;
		};
/* End XCLocalSwiftPackageReference section */

/* Begin XCRemoteSwiftPackageReference section */
		287F9EAF0868EF2D5238E365 /* XCRemoteSwiftPackageReference "newrelic-ios-agent-spm" */ = {
			isa = XCRemoteSwiftPackageReference;
			repositoryURL = "https://github.com/newrelic/newrelic-ios-agent-spm";
			requirement = {
				kind = upToNextMajorVersion;
				minimumVersion = 7.5.4;
			};
		};
/* End XCRemoteSwiftPackageReference section */

/* Begin XCSwiftPackageProductDependency section */
		91129398C60E5D4FC5CD458B /* NewRelic */ = {
			isa = XCSwiftPackageProductDependency;
			package = 287F9EAF0868EF2D5238E365 /* XCRemoteSwiftPackageReference "newrelic-ios-agent-spm" */;
			productName = NewRelic;
		};
		C0B4030BB83BD90EACFFDDE8 /* NativeBridgeCore */ = {
			isa = XCSwiftPackageProductDependency;
			productName = NativeBridgeCore;
		};
/* End XCSwiftPackageProductDependency section */
	};
	rootObject = D88497A23246D822A943EFF7 /* Project object */;
}
